
Microsoft Visual Studio Solution File, Format Version 12.00
# Visual Studio Version 17
VisualStudioVersion = 17.9.34607.119
MinimumVisualStudioVersion = 10.0.40219.1
Project("{8BC9CEB8-8B4A-11D0-8D11-00A0C91BC942}") = "test83", "test83.vcxproj", "{DD3947A2-CAF5-440E-AE0C-19063272D179}"
EndProject
Global
	GlobalSection(SolutionConfigurationPlatforms) = preSolution
		Debug|x64 = Debug|x64
		Debug|x86 = Debug|x86
		Release|x64 = Release|x64
		Release|x86 = Release|x86
	EndGlobalSection
	GlobalSection(ProjectConfigurationPlatforms) = postSolution
		{DD3947A2-CAF5-440E-AE0C-19063272D179}.Debug|x64.ActiveCfg = Debug|x64
		{DD3947A2-CAF5-440E-AE0C-19063272D179}.Debug|x64.Build.0 = Debug|x64
		{DD3947A2-CAF5-440E-AE0C-19063272D179}.Debug|x86.ActiveCfg = Debug|Win32
		{DD3947A2-CAF5-440E-AE0C-19063272D179}.Debug|x86.Build.0 = Debug|Win32
		{DD3947A2-CAF5-440E-AE0C-19063272D179}.Release|x64.ActiveCfg = Release|x64
		{DD3947A2-CAF5-440E-AE0C-19063272D179}.Release|x64.Build.0 = Release|x64
		{DD3947A2-CAF5-440E-AE0C-19063272D179}.Release|x86.ActiveCfg = Release|Win32
		{DD3947A2-CAF5-440E-AE0C-19063272D179}.Release|x86.Build.0 = Release|Win32
	EndGlobalSection
	GlobalSection(SolutionProperties) = preSolution
		HideSolutionNode = FALSE
	EndGlobalSection
	GlobalSection(ExtensibilityGlobals) = postSolution
		SolutionGuid = {EEF6D7CD-A678-4434-9A65-3FF8111CF077}
	EndGlobalSection
EndGlobal
